
Microsoft Visual Studio Solution File, Format Version 12.00
# Visual Studio 2013
VisualStudioVersion = 12.0.31101.0
MinimumVisualStudioVersion = 10.0.40219.1
Project("{FAE04EC0-301F-11D3-BF4B-00C04F79EFBC}") = "SegundoParcial", "SegundoParcial\SegundoParcial.csproj", "{A4F0B0BC-D574-4DBD-8C60-DCA735540AE6}"
EndProject
Project("{FAE04EC0-301F-11D3-BF4B-00C04F79EFBC}") = "Conexiones", "Conexiones\Conexiones.csproj", "{7DD53982-D853-4A82-8E94-BE8D24B0F77A}"
EndProject
Global
	GlobalSection(SolutionConfigurationPlatforms) = preSolution
		Debug|Any CPU = Debug|Any CPU
		Release|Any CPU = Release|Any CPU
	EndGlobalSection
	GlobalSection(ProjectConfigurationPlatforms) = postSolution
		{A4F0B0BC-D574-4DBD-8C60-DCA735540AE6}.Debug|Any CPU.ActiveCfg = Debug|Any CPU
		{A4F0B0BC-D574-4DBD-8C60-DCA735540AE6}.Debug|Any CPU.Build.0 = Debug|Any CPU
		{A4F0B0BC-D574-4DBD-8C60-DCA735540AE6}.Release|Any CPU.ActiveCfg = Release|Any CPU
		{A4F0B0BC-D574-4DBD-8C60-DCA735540AE6}.Release|Any CPU.Build.0 = Release|Any CPU
		{7DD53982-D853-4A82-8E94-BE8D24B0F77A}.Debug|Any CPU.ActiveCfg = Debug|Any CPU
		{7DD53982-D853-4A82-8E94-BE8D24B0F77A}.Debug|Any CPU.Build.0 = Debug|Any CPU
		{7DD53982-D853-4A82-8E94-BE8D24B0F77A}.Release|Any CPU.ActiveCfg = Release|Any CPU
		{7DD53982-D853-4A82-8E94-BE8D24B0F77A}.Release|Any CPU.Build.0 = Release|Any CPU
	EndGlobalSection
	GlobalSection(SolutionProperties) = preSolution
		HideSolutionNode = FALSE
	EndGlobalSection
EndGlobal
